
Microsoft Visual Studio Solution File, Format Version 12.00
# Visual Studio Version 17
VisualStudioVersion = 17.0.32112.339
MinimumVisualStudioVersion = 10.0.40219.1
Project("{9A19103F-16F7-4668-BE54-9A1E7A4F7556}") = "TestCosmo", "TestCosmo.csproj", "{5D9ED30D-3EA4-46D5-A528-D4AAC0BFB25D}"
EndProject
Project("{9A19103F-16F7-4668-BE54-9A1E7A4F7556}") = "Pojos", "..\Pojos\Pojos.csproj", "{9CA08C2D-A4FC-4381-9626-49DD5E7BEE24}"
EndProject
Project("{FAE04EC0-301F-11D3-BF4B-00C04F79EFBC}") = "Conexion", "..\Conexion\Conexion.csproj", "{D55D06D1-481D-44DA-AF08-DAD8890B896C}"
EndProject
Project("{FAE04EC0-301F-11D3-BF4B-00C04F79EFBC}") = "Servicios", "..\Servicios\Servicios.csproj", "{8A29D6DE-85E3-4267-A698-6E3F5F92460D}"
EndProject
Global
	GlobalSection(SolutionConfigurationPlatforms) = preSolution
		Debug|Any CPU = Debug|Any CPU
		Release|Any CPU = Release|Any CPU
	EndGlobalSection
	GlobalSection(ProjectConfigurationPlatforms) = postSolution
		{5D9ED30D-3EA4-46D5-A528-D4AAC0BFB25D}.Debug|Any CPU.ActiveCfg = Debug|Any CPU
		{5D9ED30D-3EA4-46D5-A528-D4AAC0BFB25D}.Debug|Any CPU.Build.0 = Debug|Any CPU
		{5D9ED30D-3EA4-46D5-A528-D4AAC0BFB25D}.Release|Any CPU.ActiveCfg = Release|Any CPU
		{5D9ED30D-3EA4-46D5-A528-D4AAC0BFB25D}.Release|Any CPU.Build.0 = Release|Any CPU
		{9CA08C2D-A4FC-4381-9626-49DD5E7BEE24}.Debug|Any CPU.ActiveCfg = Debug|Any CPU
		{9CA08C2D-A4FC-4381-9626-49DD5E7BEE24}.Debug|Any CPU.Build.0 = Debug|Any CPU
		{9CA08C2D-A4FC-4381-9626-49DD5E7BEE24}.Release|Any CPU.ActiveCfg = Release|Any CPU
		{9CA08C2D-A4FC-4381-9626-49DD5E7BEE24}.Release|Any CPU.Build.0 = Release|Any CPU
		{D55D06D1-481D-44DA-AF08-DAD8890B896C}.Debug|Any CPU.ActiveCfg = Debug|Any CPU
		{D55D06D1-481D-44DA-AF08-DAD8890B896C}.Debug|Any CPU.Build.0 = Debug|Any CPU
		{D55D06D1-481D-44DA-AF08-DAD8890B896C}.Release|Any CPU.ActiveCfg = Release|Any CPU
		{D55D06D1-481D-44DA-AF08-DAD8890B896C}.Release|Any CPU.Build.0 = Release|Any CPU
		{8A29D6DE-85E3-4267-A698-6E3F5F92460D}.Debug|Any CPU.ActiveCfg = Debug|Any CPU
		{8A29D6DE-85E3-4267-A698-6E3F5F92460D}.Debug|Any CPU.Build.0 = Debug|Any CPU
		{8A29D6DE-85E3-4267-A698-6E3F5F92460D}.Release|Any CPU.ActiveCfg = Release|Any CPU
		{8A29D6DE-85E3-4267-A698-6E3F5F92460D}.Release|Any CPU.Build.0 = Release|Any CPU
	EndGlobalSection
	GlobalSection(SolutionProperties) = preSolution
		HideSolutionNode = FALSE
	EndGlobalSection
	GlobalSection(ExtensibilityGlobals) = postSolution
		SolutionGuid = {9E45406A-821F-46A1-A0B0-0EB2C67CF9C0}
	EndGlobalSection
EndGlobal
